
Microsoft Visual Studio Solution File, Format Version 12.00
# Visual Studio Version 16
VisualStudioVersion = 16.0.29503.13
MinimumVisualStudioVersion = 10.0.40219.1
Project("{FAE04EC0-301F-11D3-BF4B-00C04F79EFBC}") = "MeuRPGZinUWP", "MeuRPGZinUWP\MeuRPGZinUWP.csproj", "{9799D58F-3320-46EA-AACF-C8AFFC2DDA82}"
EndProject
Project("{9A19103F-16F7-4668-BE54-9A1E7A4F7556}") = "MeuRPGZinCore", "MeuRPGZinCore\MeuRPGZinCore.csproj", "{6260B7D8-042C-4BBB-BCB6-1BA5D5DB2CFA}"
EndProject
Project("{9A19103F-16F7-4668-BE54-9A1E7A4F7556}") = "MeuRPGZinTest", "MeuRPGZinTest\MeuRPGZinTest.csproj", "{1A2088D5-D262-4AFD-B864-46B10A1CD0C5}"
EndProject
Project("{FAE04EC0-301F-11D3-BF4B-00C04F79EFBC}") = "TesteThreads", "TesteThreads\TesteThreads.csproj", "{4630F031-9B3B-4723-900E-7DF16AE263E1}"
EndProject
Global
	GlobalSection(SolutionConfigurationPlatforms) = preSolution
		Debug|Any CPU = Debug|Any CPU
		Debug|ARM = Debug|ARM
		Debug|ARM64 = Debug|ARM64
		Debug|x64 = Debug|x64
		Debug|x86 = Debug|x86
		Release|Any CPU = Release|Any CPU
		Release|ARM = Release|ARM
		Release|ARM64 = Release|ARM64
		Release|x64 = Release|x64
		Release|x86 = Release|x86
	EndGlobalSection
	GlobalSection(ProjectConfigurationPlatforms) = postSolution
		{9799D58F-3320-46EA-AACF-C8AFFC2DDA82}.Debug|Any CPU.ActiveCfg = Debug|x86
		{9799D58F-3320-46EA-AACF-C8AFFC2DDA82}.Debug|Any CPU.Build.0 = Debug|x86
		{9799D58F-3320-46EA-AACF-C8AFFC2DDA82}.Debug|Any CPU.Deploy.0 = Debug|x86
		{9799D58F-3320-46EA-AACF-C8AFFC2DDA82}.Debug|ARM.ActiveCfg = Debug|ARM
		{9799D58F-3320-46EA-AACF-C8AFFC2DDA82}.Debug|ARM.Build.0 = Debug|ARM
		{9799D58F-3320-46EA-AACF-C8AFFC2DDA82}.Debug|ARM.Deploy.0 = Debug|ARM
		{9799D58F-3320-46EA-AACF-C8AFFC2DDA82}.Debug|ARM64.ActiveCfg = Debug|ARM64
		{9799D58F-3320-46EA-AACF-C8AFFC2DDA82}.Debug|ARM64.Build.0 = Debug|ARM64
		{9799D58F-3320-46EA-AACF-C8AFFC2DDA82}.Debug|ARM64.Deploy.0 = Debug|ARM64
		{9799D58F-3320-46EA-AACF-C8AFFC2DDA82}.Debug|x64.ActiveCfg = Debug|x64
		{9799D58F-3320-46EA-AACF-C8AFFC2DDA82}.Debug|x64.Build.0 = Debug|x64
		{9799D58F-3320-46EA-AACF-C8AFFC2DDA82}.Debug|x64.Deploy.0 = Debug|x64
		{9799D58F-3320-46EA-AACF-C8AFFC2DDA82}.Debug|x86.ActiveCfg = Debug|x86
		{9799D58F-3320-46EA-AACF-C8AFFC2DDA82}.Debug|x86.Build.0 = Debug|x86
		{9799D58F-3320-46EA-AACF-C8AFFC2DDA82}.Debug|x86.Deploy.0 = Debug|x86
		{9799D58F-3320-46EA-AACF-C8AFFC2DDA82}.Release|Any CPU.ActiveCfg = Release|x86
		{9799D58F-3320-46EA-AACF-C8AFFC2DDA82}.Release|ARM.ActiveCfg = Release|ARM
		{9799D58F-3320-46EA-AACF-C8AFFC2DDA82}.Release|ARM.Build.0 = Release|ARM
		{9799D58F-3320-46EA-AACF-C8AFFC2DDA82}.Release|ARM.Deploy.0 = Release|ARM
		{9799D58F-3320-46EA-AACF-C8AFFC2DDA82}.Release|ARM64.ActiveCfg = Release|ARM64
		{9799D58F-3320-46EA-AACF-C8AFFC2DDA82}.Release|ARM64.Build.0 = Release|ARM64
		{9799D58F-3320-46EA-AACF-C8AFFC2DDA82}.Release|ARM64.Deploy.0 = Release|ARM64
		{9799D58F-3320-46EA-AACF-C8AFFC2DDA82}.Release|x64.ActiveCfg = Release|x64
		{9799D58F-3320-46EA-AACF-C8AFFC2DDA82}.Release|x64.Build.0 = Release|x64
		{9799D58F-3320-46EA-AACF-C8AFFC2DDA82}.Release|x64.Deploy.0 = Release|x64
		{9799D58F-3320-46EA-AACF-C8AFFC2DDA82}.Release|x86.ActiveCfg = Release|x86
		{9799D58F-3320-46EA-AACF-C8AFFC2DDA82}.Release|x86.Build.0 = Release|x86
		{9799D58F-3320-46EA-AACF-C8AFFC2DDA82}.Release|x86.Deploy.0 = Release|x86
		{6260B7D8-042C-4BBB-BCB6-1BA5D5DB2CFA}.Debug|Any CPU.ActiveCfg = Debug|Any CPU
		{6260B7D8-042C-4BBB-BCB6-1BA5D5DB2CFA}.Debug|Any CPU.Build.0 = Debug|Any CPU
		{6260B7D8-042C-4BBB-BCB6-1BA5D5DB2CFA}.Debug|ARM.ActiveCfg = Debug|Any CPU
		{6260B7D8-042C-4BBB-BCB6-1BA5D5DB2CFA}.Debug|ARM.Build.0 = Debug|Any CPU
		{6260B7D8-042C-4BBB-BCB6-1BA5D5DB2CFA}.Debug|ARM64.ActiveCfg = Debug|Any CPU
		{6260B7D8-042C-4BBB-BCB6-1BA5D5DB2CFA}.Debug|ARM64.Build.0 = Debug|Any CPU
		{6260B7D8-042C-4BBB-BCB6-1BA5D5DB2CFA}.Debug|x64.ActiveCfg = Debug|Any CPU
		{6260B7D8-042C-4BBB-BCB6-1BA5D5DB2CFA}.Debug|x64.Build.0 = Debug|Any CPU
		{6260B7D8-042C-4BBB-BCB6-1BA5D5DB2CFA}.Debug|x86.ActiveCfg = Debug|Any CPU
		{6260B7D8-042C-4BBB-BCB6-1BA5D5DB2CFA}.Debug|x86.Build.0 = Debug|Any CPU
		{6260B7D8-042C-4BBB-BCB6-1BA5D5DB2CFA}.Release|Any CPU.ActiveCfg = Release|Any CPU
		{6260B7D8-042C-4BBB-BCB6-1BA5D5DB2CFA}.Release|Any CPU.Build.0 = Release|Any CPU
		{6260B7D8-042C-4BBB-BCB6-1BA5D5DB2CFA}.Release|ARM.ActiveCfg = Release|Any CPU
		{6260B7D8-042C-4BBB-BCB6-1BA5D5DB2CFA}.Release|ARM.Build.0 = Release|Any CPU
		{6260B7D8-042C-4BBB-BCB6-1BA5D5DB2CFA}.Release|ARM64.ActiveCfg = Release|Any CPU
		{6260B7D8-042C-4BBB-BCB6-1BA5D5DB2CFA}.Release|ARM64.Build.0 = Release|Any CPU
		{6260B7D8-042C-4BBB-BCB6-1BA5D5DB2CFA}.Release|x64.ActiveCfg = Release|Any CPU
		{6260B7D8-042C-4BBB-BCB6-1BA5D5DB2CFA}.Release|x64.Build.0 = Release|Any CPU
		{6260B7D8-042C-4BBB-BCB6-1BA5D5DB2CFA}.Release|x86.ActiveCfg = Release|Any CPU
		{6260B7D8-042C-4BBB-BCB6-1BA5D5DB2CFA}.Release|x86.Build.0 = Release|Any CPU
		{1A2088D5-D262-4AFD-B864-46B10A1CD0C5}.Debug|Any CPU.ActiveCfg = Debug|Any CPU
		{1A2088D5-D262-4AFD-B864-46B10A1CD0C5}.Debug|Any CPU.Build.0 = Debug|Any CPU
		{1A2088D5-D262-4AFD-B864-46B10A1CD0C5}.Debug|ARM.ActiveCfg = Debug|Any CPU
		{1A2088D5-D262-4AFD-B864-46B10A1CD0C5}.Debug|ARM.Build.0 = Debug|Any CPU
		{1A2088D5-D262-4AFD-B864-46B10A1CD0C5}.Debug|ARM64.ActiveCfg = Debug|Any CPU
		{1A2088D5-D262-4AFD-B864-46B10A1CD0C5}.Debug|ARM64.Build.0 = Debug|Any CPU
		{1A2088D5-D262-4AFD-B864-46B10A1CD0C5}.Debug|x64.ActiveCfg = Debug|Any CPU
		{1A2088D5-D262-4AFD-B864-46B10A1CD0C5}.Debug|x64.Build.0 = Debug|Any CPU
		{1A2088D5-D262-4AFD-B864-46B10A1CD0C5}.Debug|x86.ActiveCfg = Debug|Any CPU
		{1A2088D5-D262-4AFD-B864-46B10A1CD0C5}.Debug|x86.Build.0 = Debug|Any CPU
		{1A2088D5-D262-4AFD-B864-46B10A1CD0C5}.Release|Any CPU.ActiveCfg = Release|Any CPU
		{1A2088D5-D262-4AFD-B864-46B10A1CD0C5}.Release|Any CPU.Build.0 = Release|Any CPU
		{1A2088D5-D262-4AFD-B864-46B10A1CD0C5}.Release|ARM.ActiveCfg = Release|Any CPU
		{1A2088D5-D262-4AFD-B864-46B10A1CD0C5}.Release|ARM.Build.0 = Release|Any CPU
		{1A2088D5-D262-4AFD-B864-46B10A1CD0C5}.Release|ARM64.ActiveCfg = Release|Any CPU
		{1A2088D5-D262-4AFD-B864-46B10A1CD0C5}.Release|ARM64.Build.0 = Release|Any CPU
		{1A2088D5-D262-4AFD-B864-46B10A1CD0C5}.Release|x64.ActiveCfg = Release|Any CPU
		{1A2088D5-D262-4AFD-B864-46B10A1CD0C5}.Release|x64.Build.0 = Release|Any CPU
		{1A2088D5-D262-4AFD-B864-46B10A1CD0C5}.Release|x86.ActiveCfg = Release|Any CPU
		{1A2088D5-D262-4AFD-B864-46B10A1CD0C5}.Release|x86.Build.0 = Release|Any CPU
		{4630F031-9B3B-4723-900E-7DF16AE263E1}.Debug|Any CPU.ActiveCfg = Debug|Any CPU
		{4630F031-9B3B-4723-900E-7DF16AE263E1}.Debug|Any CPU.Build.0 = Debug|Any CPU
		{4630F031-9B3B-4723-900E-7DF16AE263E1}.Debug|ARM.ActiveCfg = Debug|Any CPU
		{4630F031-9B3B-4723-900E-7DF16AE263E1}.Debug|ARM.Build.0 = Debug|Any CPU
		{4630F031-9B3B-4723-900E-7DF16AE263E1}.Debug|ARM64.ActiveCfg = Debug|Any CPU
		{4630F031-9B3B-4723-900E-7DF16AE263E1}.Debug|ARM64.Build.0 = Debug|Any CPU
		{4630F031-9B3B-4723-900E-7DF16AE263E1}.Debug|x64.ActiveCfg = Debug|Any CPU
		{4630F031-9B3B-4723-900E-7DF16AE263E1}.Debug|x64.Build.0 = Debug|Any CPU
		{4630F031-9B3B-4723-900E-7DF16AE263E1}.Debug|x86.ActiveCfg = Debug|Any CPU
		{4630F031-9B3B-4723-900E-7DF16AE263E1}.Debug|x86.Build.0 = Debug|Any CPU
		{4630F031-9B3B-4723-900E-7DF16AE263E1}.Release|Any CPU.ActiveCfg = Release|Any CPU
		{4630F031-9B3B-4723-900E-7DF16AE263E1}.Release|Any CPU.Build.0 = Release|Any CPU
		{4630F031-9B3B-4723-900E-7DF16AE263E1}.Release|ARM.ActiveCfg = Release|Any CPU
		{4630F031-9B3B-4723-900E-7DF16AE263E1}.Release|ARM.Build.0 = Release|Any CPU
		{4630F031-9B3B-4723-900E-7DF16AE263E1}.Release|ARM64.ActiveCfg = Release|Any CPU
		{4630F031-9B3B-4723-900E-7DF16AE263E1}.Release|ARM64.Build.0 = Release|Any CPU
		{4630F031-9B3B-4723-900E-7DF16AE263E1}.Release|x64.ActiveCfg = Release|Any CPU
		{4630F031-9B3B-4723-900E-7DF16AE263E1}.Release|x64.Build.0 = Release|Any CPU
		{4630F031-9B3B-4723-900E-7DF16AE263E1}.Release|x86.ActiveCfg = Release|Any CPU
		{4630F031-9B3B-4723-900E-7DF16AE263E1}.Release|x86.Build.0 = Release|Any CPU
	EndGlobalSection
	GlobalSection(SolutionProperties) = preSolution
		HideSolutionNode = FALSE
	EndGlobalSection
	GlobalSection(ExtensibilityGlobals) = postSolution
		SolutionGuid = {69BD971D-7F68-46EE-8C0C-3D7C36B5A3A9}
	EndGlobalSection
EndGlobal
